// !$*UTF8*$!
{
	archiveVersion = 1;
	classes = {
	};
	objectVersion = 56;
	objects = {

/* Begin PBXBuildFile section */
		FB3476C02989003700D46724 /* BaseViewController.swift in Sources */ = {isa = PBXBuildFile; fileRef = FB3476BF2989003700D46724 /* BaseViewController.swift */; };
		FB3476C22989017100D46724 /* NetworkViewController.swift in Sources */ = {isa = PBXBuildFile; fileRef = FB3476C12989017100D46724 /* NetworkViewController.swift */; };
		FB3476C5298901A900D46724 /* Alamofire in Frameworks */ = {isa = PBXBuildFile; productRef = FB3476C4298901A900D46724 /* Alamofire */; };
		FB3476C7298901CD00D46724 /* WeatherType.swift in Sources */ = {isa = PBXBuildFile; fileRef = FB3476C6298901CD00D46724 /* WeatherType.swift */; };
		FB3476C9298901D700D46724 /* Current.swift in Sources */ = {isa = PBXBuildFile; fileRef = FB3476C8298901D700D46724 /* Current.swift */; };
		FB3476CB298901DC00D46724 /* Daily.swift in Sources */ = {isa = PBXBuildFile; fileRef = FB3476CA298901DC00D46724 /* Daily.swift */; };
		FB3476CD298901E800D46724 /* Hourly.swift in Sources */ = {isa = PBXBuildFile; fileRef = FB3476CC298901E800D46724 /* Hourly.swift */; };
		FB3476CF298901F100D46724 /* Temp.swift in Sources */ = {isa = PBXBuildFile; fileRef = FB3476CE298901F100D46724 /* Temp.swift */; };
		FB3476D1298901F900D46724 /* Weather.swift in Sources */ = {isa = PBXBuildFile; fileRef = FB3476D0298901F900D46724 /* Weather.swift */; };
		FB3476D42989043000D46724 /* CollectionViewController.swift in Sources */ = {isa = PBXBuildFile; fileRef = FB3476D32989043000D46724 /* CollectionViewController.swift */; };
		FB3476D62989044A00D46724 /* DailyCell.swift in Sources */ = {isa = PBXBuildFile; fileRef = FB3476D52989044A00D46724 /* DailyCell.swift */; };
		FB3476D82989045500D46724 /* HourlyCell.swift in Sources */ = {isa = PBXBuildFile; fileRef = FB3476D72989045500D46724 /* HourlyCell.swift */; };
		FB3476DA2989057100D46724 /* TableViewController.swift in Sources */ = {isa = PBXBuildFile; fileRef = FB3476D92989057100D46724 /* TableViewController.swift */; };
		FB8D94A42988FCD00045E298 /* AppDelegate.swift in Sources */ = {isa = PBXBuildFile; fileRef = FB8D94A32988FCD00045E298 /* AppDelegate.swift */; };
		FB8D94A62988FCD00045E298 /* SceneDelegate.swift in Sources */ = {isa = PBXBuildFile; fileRef = FB8D94A52988FCD00045E298 /* SceneDelegate.swift */; };
		FB8D94A82988FCD00045E298 /* MainViewController.swift in Sources */ = {isa = PBXBuildFile; fileRef = FB8D94A72988FCD00045E298 /* MainViewController.swift */; };
		FB8D94AD2988FCD10045E298 /* Assets.xcassets in Resources */ = {isa = PBXBuildFile; fileRef = FB8D94AC2988FCD10045E298 /* Assets.xcassets */; };
		FB8D94B02988FCD10045E298 /* LaunchScreen.storyboard in Resources */ = {isa = PBXBuildFile; fileRef = FB8D94AE2988FCD10045E298 /* LaunchScreen.storyboard */; };
		FB8D94BD2988FD4B0045E298 /* Cordinator.swift in Sources */ = {isa = PBXBuildFile; fileRef = FB8D94BC2988FD4B0045E298 /* Cordinator.swift */; };
/* End PBXBuildFile section */

/* Begin PBXFileReference section */
		FB3476BF2989003700D46724 /* BaseViewController.swift */ = {isa = PBXFileReference; lastKnownFileType = sourcecode.swift; path = BaseViewController.swift; sourceTree = "<group>"; };
		FB3476C12989017100D46724 /* NetworkViewController.swift */ = {isa = PBXFileReference; lastKnownFileType = sourcecode.swift; path = NetworkViewController.swift; sourceTree = "<group>"; };
		FB3476C6298901CD00D46724 /* WeatherType.swift */ = {isa = PBXFileReference; lastKnownFileType = sourcecode.swift; path = WeatherType.swift; sourceTree = "<group>"; };
		FB3476C8298901D700D46724 /* Current.swift */ = {isa = PBXFileReference; lastKnownFileType = sourcecode.swift; path = Current.swift; sourceTree = "<group>"; };
		FB3476CA298901DC00D46724 /* Daily.swift */ = {isa = PBXFileReference; lastKnownFileType = sourcecode.swift; path = Daily.swift; sourceTree = "<group>"; };
		FB3476CC298901E800D46724 /* Hourly.swift */ = {isa = PBXFileReference; lastKnownFileType = sourcecode.swift; path = Hourly.swift; sourceTree = "<group>"; };
		FB3476CE298901F100D46724 /* Temp.swift */ = {isa = PBXFileReference; lastKnownFileType = sourcecode.swift; path = Temp.swift; sourceTree = "<group>"; };
		FB3476D0298901F900D46724 /* Weather.swift */ = {isa = PBXFileReference; lastKnownFileType = sourcecode.swift; path = Weather.swift; sourceTree = "<group>"; };
		FB3476D32989043000D46724 /* CollectionViewController.swift */ = {isa = PBXFileReference; lastKnownFileType = sourcecode.swift; path = CollectionViewController.swift; sourceTree = "<group>"; };
		FB3476D52989044A00D46724 /* DailyCell.swift */ = {isa = PBXFileReference; lastKnownFileType = sourcecode.swift; path = DailyCell.swift; sourceTree = "<group>"; };
		FB3476D72989045500D46724 /* HourlyCell.swift */ = {isa = PBXFileReference; lastKnownFileType = sourcecode.swift; path = HourlyCell.swift; sourceTree = "<group>"; };
		FB3476D92989057100D46724 /* TableViewController.swift */ = {isa = PBXFileReference; lastKnownFileType = sourcecode.swift; path = TableViewController.swift; sourceTree = "<group>"; };
		FB8D94A02988FCD00045E298 /* weatherApp.app */ = {isa = PBXFileReference; explicitFileType = wrapper.application; includeInIndex = 0; path = weatherApp.app; sourceTree = BUILT_PRODUCTS_DIR; };
		FB8D94A32988FCD00045E298 /* AppDelegate.swift */ = {isa = PBXFileReference; lastKnownFileType = sourcecode.swift; path = AppDelegate.swift; sourceTree = "<group>"; };
		FB8D94A52988FCD00045E298 /* SceneDelegate.swift */ = {isa = PBXFileReference; lastKnownFileType = sourcecode.swift; path = SceneDelegate.swift; sourceTree = "<group>"; };
		FB8D94A72988FCD00045E298 /* MainViewController.swift */ = {isa = PBXFileReference; lastKnownFileType = sourcecode.swift; path = MainViewController.swift; sourceTree = "<group>"; };
		FB8D94AC2988FCD10045E298 /* Assets.xcassets */ = {isa = PBXFileReference; lastKnownFileType = folder.assetcatalog; path = Assets.xcassets; sourceTree = "<group>"; };
		FB8D94AF2988FCD10045E298 /* Base */ = {isa = PBXFileReference; lastKnownFileType = file.storyboard; name = Base; path = Base.lproj/LaunchScreen.storyboard; sourceTree = "<group>"; };
		FB8D94B12988FCD10045E298 /* Info.plist */ = {isa = PBXFileReference; lastKnownFileType = text.plist.xml; path = Info.plist; sourceTree = "<group>"; };
		FB8D94BC2988FD4B0045E298 /* Cordinator.swift */ = {isa = PBXFileReference; lastKnownFileType = sourcecode.swift; path = Cordinator.swift; sourceTree = "<group>"; };
/* End PBXFileReference section */

/* Begin PBXFrameworksBuildPhase section */
		FB8D949D2988FCD00045E298 /* Frameworks */ = {
			isa = PBXFrameworksBuildPhase;
			buildActionMask = 2147483647;
			files = (
				FB3476C5298901A900D46724 /* Alamofire in Frameworks */,
			);
			runOnlyForDeploymentPostprocessing = 0;
		};
/* End PBXFrameworksBuildPhase section */

/* Begin PBXGroup section */
		FB3476D22989041E00D46724 /* Cell */ = {
			isa = PBXGroup;
			children = (
				FB3476D52989044A00D46724 /* DailyCell.swift */,
				FB3476D72989045500D46724 /* HourlyCell.swift */,
			);
			path = Cell;
			sourceTree = "<group>";
		};
		FB8D94972988FCD00045E298 = {
			isa = PBXGroup;
			children = (
				FB8D94A22988FCD00045E298 /* weatherApp */,
				FB8D94A12988FCD00045E298 /* Products */,
			);
			sourceTree = "<group>";
		};
		FB8D94A12988FCD00045E298 /* Products */ = {
			isa = PBXGroup;
			children = (
				FB8D94A02988FCD00045E298 /* weatherApp.app */,
			);
			name = Products;
			sourceTree = "<group>";
		};
		FB8D94A22988FCD00045E298 /* weatherApp */ = {
			isa = PBXGroup;
			children = (
				FB8D94B72988FD070045E298 /* Manager */,
				FB8D94B82988FD100045E298 /* Delegate */,
				FB8D94B92988FD160045E298 /* Model */,
				FB8D94BA2988FD1B0045E298 /* View */,
				FB8D94BB2988FD200045E298 /* Controller */,
				FB8D94B12988FCD10045E298 /* Info.plist */,
			);
			path = weatherApp;
			sourceTree = "<group>";
		};
		FB8D94B72988FD070045E298 /* Manager */ = {
			isa = PBXGroup;
			children = (
				FB8D94BC2988FD4B0045E298 /* Cordinator.swift */,
			);
			path = Manager;
			sourceTree = "<group>";
		};
		FB8D94B82988FD100045E298 /* Delegate */ = {
			isa = PBXGroup;
			children = (
				FB8D94A32988FCD00045E298 /* AppDelegate.swift */,
				FB8D94A52988FCD00045E298 /* SceneDelegate.swift */,
			);
			path = Delegate;
			sourceTree = "<group>";
		};
		FB8D94B92988FD160045E298 /* Model */ = {
			isa = PBXGroup;
			children = (
				FB3476C6298901CD00D46724 /* WeatherType.swift */,
				FB3476C8298901D700D46724 /* Current.swift */,
				FB3476CA298901DC00D46724 /* Daily.swift */,
				FB3476CC298901E800D46724 /* Hourly.swift */,
				FB3476CE298901F100D46724 /* Temp.swift */,
				FB3476D0298901F900D46724 /* Weather.swift */,
			);
			path = Model;
			sourceTree = "<group>";
		};
		FB8D94BA2988FD1B0045E298 /* View */ = {
			isa = PBXGroup;
			children = (
				FB8D94AC2988FCD10045E298 /* Assets.xcassets */,
				FB8D94AE2988FCD10045E298 /* LaunchScreen.storyboard */,
			);
			path = View;
			sourceTree = "<group>";
		};
		FB8D94BB2988FD200045E298 /* Controller */ = {
			isa = PBXGroup;
			children = (
				FB3476D22989041E00D46724 /* Cell */,
				FB8D94A72988FCD00045E298 /* MainViewController.swift */,
				FB3476BF2989003700D46724 /* BaseViewController.swift */,
				FB3476C12989017100D46724 /* NetworkViewController.swift */,
				FB3476D32989043000D46724 /* CollectionViewController.swift */,
				FB3476D92989057100D46724 /* TableViewController.swift */,
			);
			path = Controller;
			sourceTree = "<group>";
		};
/* End PBXGroup section */

/* Begin PBXNativeTarget section */
		FB8D949F2988FCD00045E298 /* weatherApp */ = {
			isa = PBXNativeTarget;
			buildConfigurationList = FB8D94B42988FCD10045E298 /* Build configuration list for PBXNativeTarget "weatherApp" */;
			buildPhases = (
				FB8D949C2988FCD00045E298 /* Sources */,
				FB8D949D2988FCD00045E298 /* Frameworks */,
				FB8D949E2988FCD00045E298 /* Resources */,
			);
			buildRules = (
			);
			dependencies = (
			);
			name = weatherApp;
			packageProductDependencies = (
				FB3476C4298901A900D46724 /* Alamofire */,
			);
			productName = weatherApp;
			productReference = FB8D94A02988FCD00045E298 /* weatherApp.app */;
			productType = "com.apple.product-type.application";
		};
/* End PBXNativeTarget section */

/* Begin PBXProject section */
		FB8D94982988FCD00045E298 /* Project object */ = {
			isa = PBXProject;
			attributes = {
				BuildIndependentTargetsInParallel = 1;
				LastSwiftUpdateCheck = 1400;
				LastUpgradeCheck = 1400;
				TargetAttributes = {
					FB8D949F2988FCD00045E298 = {
						CreatedOnToolsVersion = 14.0.1;
					};
				};
			};
			buildConfigurationList = FB8D949B2988FCD00045E298 /* Build configuration list for PBXProject "weatherApp" */;
			compatibilityVersion = "Xcode 14.0";
			developmentRegion = en;
			hasScannedForEncodings = 0;
			knownRegions = (
				en,
				Base,
			);
			mainGroup = FB8D94972988FCD00045E298;
			packageReferences = (
				FB3476C3298901A900D46724 /* XCRemoteSwiftPackageReference "Alamofire" */,
			);
			productRefGroup = FB8D94A12988FCD00045E298 /* Products */;
			projectDirPath = "";
			projectRoot = "";
			targets = (
				FB8D949F2988FCD00045E298 /* weatherApp */,
			);
		};
/* End PBXProject section */

/* Begin PBXResourcesBuildPhase section */
		FB8D949E2988FCD00045E298 /* Resources */ = {
			isa = PBXResourcesBuildPhase;
			buildActionMask = 2147483647;
			files = (
				FB8D94B02988FCD10045E298 /* LaunchScreen.storyboard in Resources */,
				FB8D94AD2988FCD10045E298 /* Assets.xcassets in Resources */,
			);
			runOnlyForDeploymentPostprocessing = 0;
		};
/* End PBXResourcesBuildPhase section */

/* Begin PBXSourcesBuildPhase section */
		FB8D949C2988FCD00045E298 /* Sources */ = {
			isa = PBXSourcesBuildPhase;
			buildActionMask = 2147483647;
			files = (
				FB3476D42989043000D46724 /* CollectionViewController.swift in Sources */,
				FB3476C02989003700D46724 /* BaseViewController.swift in Sources */,
				FB3476C22989017100D46724 /* NetworkViewController.swift in Sources */,
				FB3476C7298901CD00D46724 /* WeatherType.swift in Sources */,
				FB3476C9298901D700D46724 /* Current.swift in Sources */,
				FB3476D1298901F900D46724 /* Weather.swift in Sources */,
				FB3476D82989045500D46724 /* HourlyCell.swift in Sources */,
				FB8D94BD2988FD4B0045E298 /* Cordinator.swift in Sources */,
				FB8D94A82988FCD00045E298 /* MainViewController.swift in Sources */,
				FB3476CD298901E800D46724 /* Hourly.swift in Sources */,
				FB3476D62989044A00D46724 /* DailyCell.swift in Sources */,
				FB3476DA2989057100D46724 /* TableViewController.swift in Sources */,
				FB8D94A42988FCD00045E298 /* AppDelegate.swift in Sources */,
				FB8D94A62988FCD00045E298 /* SceneDelegate.swift in Sources */,
				FB3476CB298901DC00D46724 /* Daily.swift in Sources */,
				FB3476CF298901F100D46724 /* Temp.swift in Sources */,
			);
			runOnlyForDeploymentPostprocessing = 0;
		};
/* End PBXSourcesBuildPhase section */

/* Begin PBXVariantGroup section */
		FB8D94AE2988FCD10045E298 /* LaunchScreen.storyboard */ = {
			isa = PBXVariantGroup;
			children = (
				FB8D94AF2988FCD10045E298 /* Base */,
			);
			name = LaunchScreen.storyboard;
			sourceTree = "<group>";
		};
/* End PBXVariantGroup section */

/* Begin XCBuildConfiguration section */
		FB8D94B22988FCD10045E298 /* Debug */ = {
			isa = XCBuildConfiguration;
			buildSettings = {
				ALWAYS_SEARCH_USER_PATHS = NO;
				CLANG_ANALYZER_NONNULL = YES;
				CLANG_ANALYZER_NUMBER_OBJECT_CONVERSION = YES_AGGRESSIVE;
				CLANG_CXX_LANGUAGE_STANDARD = "gnu++20";
				CLANG_ENABLE_MODULES = YES;
				CLANG_ENABLE_OBJC_ARC = YES;
				CLANG_ENABLE_OBJC_WEAK = YES;
				CLANG_WARN_BLOCK_CAPTURE_AUTORELEASING = YES;
				CLANG_WARN_BOOL_CONVERSION = YES;
				CLANG_WARN_COMMA = YES;
				CLANG_WARN_CONSTANT_CONVERSION = YES;
				CLANG_WARN_DEPRECATED_OBJC_IMPLEMENTATIONS = YES;
				CLANG_WARN_DIRECT_OBJC_ISA_USAGE = YES_ERROR;
				CLANG_WARN_DOCUMENTATION_COMMENTS = YES;
				CLANG_WARN_EMPTY_BODY = YES;
				CLANG_WARN_ENUM_CONVERSION = YES;
				CLANG_WARN_INFINITE_RECURSION = YES;
				CLANG_WARN_INT_CONVERSION = YES;
				CLANG_WARN_NON_LITERAL_NULL_CONVERSION = YES;
				CLANG_WARN_OBJC_IMPLICIT_RETAIN_SELF = YES;
				CLANG_WARN_OBJC_LITERAL_CONVERSION = YES;
				CLANG_WARN_OBJC_ROOT_CLASS = YES_ERROR;
				CLANG_WARN_QUOTED_INCLUDE_IN_FRAMEWORK_HEADER = YES;
				CLANG_WARN_RANGE_LOOP_ANALYSIS = YES;
				CLANG_WARN_STRICT_PROTOTYPES = YES;
				CLANG_WARN_SUSPICIOUS_MOVE = YES;
				CLANG_WARN_UNGUARDED_AVAILABILITY = YES_AGGRESSIVE;
				CLANG_WARN_UNREACHABLE_CODE = YES;
				CLANG_WARN__DUPLICATE_METHOD_MATCH = YES;
				COPY_PHASE_STRIP = NO;
				DEBUG_INFORMATION_FORMAT = dwarf;
				ENABLE_STRICT_OBJC_MSGSEND = YES;
				ENABLE_TESTABILITY = YES;
				GCC_C_LANGUAGE_STANDARD = gnu11;
				GCC_DYNAMIC_NO_PIC = NO;
				GCC_NO_COMMON_BLOCKS = YES;
				GCC_OPTIMIZATION_LEVEL = 0;
				GCC_PREPROCESSOR_DEFINITIONS = (
					"DEBUG=1",
					"$(inherited)",
				);
				GCC_WARN_64_TO_32_BIT_CONVERSION = YES;
				GCC_WARN_ABOUT_RETURN_TYPE = YES_ERROR;
				GCC_WARN_UNDECLARED_SELECTOR = YES;
				GCC_WARN_UNINITIALIZED_AUTOS = YES_AGGRESSIVE;
				GCC_WARN_UNUSED_FUNCTION = YES;
				GCC_WARN_UNUSED_VARIABLE = YES;
				IPHONEOS_DEPLOYMENT_TARGET = 16.0;
				MTL_ENABLE_DEBUG_INFO = INCLUDE_SOURCE;
				MTL_FAST_MATH = YES;
				ONLY_ACTIVE_ARCH = YES;
				SDKROOT = iphoneos;
				SWIFT_ACTIVE_COMPILATION_CONDITIONS = DEBUG;
				SWIFT_OPTIMIZATION_LEVEL = "-Onone";
			};
			name = Debug;
		};
		FB8D94B32988FCD10045E298 /* Release */ = {
			isa = XCBuildConfiguration;
			buildSettings = {
				ALWAYS_SEARCH_USER_PATHS = NO;
				CLANG_ANALYZER_NONNULL = YES;
				CLANG_ANALYZER_NUMBER_OBJECT_CONVERSION = YES_AGGRESSIVE;
				CLANG_CXX_LANGUAGE_STANDARD = "gnu++20";
				CLANG_ENABLE_MODULES = YES;
				CLANG_ENABLE_OBJC_ARC = YES;
				CLANG_ENABLE_OBJC_WEAK = YES;
				CLANG_WARN_BLOCK_CAPTURE_AUTORELEASING = YES;
				CLANG_WARN_BOOL_CONVERSION = YES;
				CLANG_WARN_COMMA = YES;
				CLANG_WARN_CONSTANT_CONVERSION = YES;
				CLANG_WARN_DEPRECATED_OBJC_IMPLEMENTATIONS = YES;
				CLANG_WARN_DIRECT_OBJC_ISA_USAGE = YES_ERROR;
				CLANG_WARN_DOCUMENTATION_COMMENTS = YES;
				CLANG_WARN_EMPTY_BODY = YES;
				CLANG_WARN_ENUM_CONVERSION = YES;
				CLANG_WARN_INFINITE_RECURSION = YES;
				CLANG_WARN_INT_CONVERSION = YES;
				CLANG_WARN_NON_LITERAL_NULL_CONVERSION = YES;
				CLANG_WARN_OBJC_IMPLICIT_RETAIN_SELF = YES;
				CLANG_WARN_OBJC_LITERAL_CONVERSION = YES;
				CLANG_WARN_OBJC_ROOT_CLASS = YES_ERROR;
				CLANG_WARN_QUOTED_INCLUDE_IN_FRAMEWORK_HEADER = YES;
				CLANG_WARN_RANGE_LOOP_ANALYSIS = YES;
				CLANG_WARN_STRICT_PROTOTYPES = YES;
				CLANG_WARN_SUSPICIOUS_MOVE = YES;
				CLANG_WARN_UNGUARDED_AVAILABILITY = YES_AGGRESSIVE;
				CLANG_WARN_UNREACHABLE_CODE = YES;
				CLANG_WARN__DUPLICATE_METHOD_MATCH = YES;
				COPY_PHASE_STRIP = NO;
				DEBUG_INFORMATION_FORMAT = "dwarf-with-dsym";
				ENABLE_NS_ASSERTIONS = NO;
				ENABLE_STRICT_OBJC_MSGSEND = YES;
				GCC_C_LANGUAGE_STANDARD = gnu11;
				GCC_NO_COMMON_BLOCKS = YES;
				GCC_WARN_64_TO_32_BIT_CONVERSION = YES;
				GCC_WARN_ABOUT_RETURN_TYPE = YES_ERROR;
				GCC_WARN_UNDECLARED_SELECTOR = YES;
				GCC_WARN_UNINITIALIZED_AUTOS = YES_AGGRESSIVE;
				GCC_WARN_UNUSED_FUNCTION = YES;
				GCC_WARN_UNUSED_VARIABLE = YES;
				IPHONEOS_DEPLOYMENT_TARGET = 16.0;
				MTL_ENABLE_DEBUG_INFO = NO;
				MTL_FAST_MATH = YES;
				SDKROOT = iphoneos;
				SWIFT_COMPILATION_MODE = wholemodule;
				SWIFT_OPTIMIZATION_LEVEL = "-O";
				VALIDATE_PRODUCT = YES;
			};
			name = Release;
		};
		FB8D94B52988FCD10045E298 /* Debug */ = {
			isa = XCBuildConfiguration;
			buildSettings = {
				ASSETCATALOG_COMPILER_APPICON_NAME = AppIcon;
				ASSETCATALOG_COMPILER_GLOBAL_ACCENT_COLOR_NAME = AccentColor;
				CODE_SIGN_STYLE = Automatic;
				CURRENT_PROJECT_VERSION = 1;
				DEVELOPMENT_TEAM = LG3BJWGHMX;
				GENERATE_INFOPLIST_FILE = YES;
				INFOPLIST_FILE = weatherApp/Info.plist;
				INFOPLIST_KEY_UIApplicationSupportsIndirectInputEvents = YES;
				INFOPLIST_KEY_UILaunchStoryboardName = LaunchScreen;
				INFOPLIST_KEY_UISupportedInterfaceOrientations_iPad = "UIInterfaceOrientationPortrait UIInterfaceOrientationPortraitUpsideDown UIInterfaceOrientationLandscapeLeft UIInterfaceOrientationLandscapeRight";
				INFOPLIST_KEY_UISupportedInterfaceOrientations_iPhone = "UIInterfaceOrientationPortrait UIInterfaceOrientationLandscapeLeft UIInterfaceOrientationLandscapeRight";
				LD_RUNPATH_SEARCH_PATHS = (
					"$(inherited)",
					"@executable_path/Frameworks",
				);
				MARKETING_VERSION = 1.0;
				PRODUCT_BUNDLE_IDENTIFIER = kr.hs.dgsw.weatherApp;
				PRODUCT_NAME = "$(TARGET_NAME)";
				SWIFT_EMIT_LOC_STRINGS = YES;
				SWIFT_VERSION = 5.0;
				TARGETED_DEVICE_FAMILY = "1,2";
			};
			name = Debug;
		};
		FB8D94B62988FCD10045E298 /* Release */ = {
			isa = XCBuildConfiguration;
			buildSettings = {
				ASSETCATALOG_COMPILER_APPICON_NAME = AppIcon;
				ASSETCATALOG_COMPILER_GLOBAL_ACCENT_COLOR_NAME = AccentColor;
				CODE_SIGN_STYLE = Automatic;
				CURRENT_PROJECT_VERSION = 1;
				DEVELOPMENT_TEAM = LG3BJWGHMX;
				GENERATE_INFOPLIST_FILE = YES;
				INFOPLIST_FILE = weatherApp/Info.plist;
				INFOPLIST_KEY_UIApplicationSupportsIndirectInputEvents = YES;
				INFOPLIST_KEY_UILaunchStoryboardName = LaunchScreen;
				INFOPLIST_KEY_UISupportedInterfaceOrientations_iPad = "UIInterfaceOrientationPortrait UIInterfaceOrientationPortraitUpsideDown UIInterfaceOrientationLandscapeLeft UIInterfaceOrientationLandscapeRight";
				INFOPLIST_KEY_UISupportedInterfaceOrientations_iPhone = "UIInterfaceOrientationPortrait UIInterfaceOrientationLandscapeLeft UIInterfaceOrientationLandscapeRight";
				LD_RUNPATH_SEARCH_PATHS = (
					"$(inherited)",
					"@executable_path/Frameworks",
				);
				MARKETING_VERSION = 1.0;
				PRODUCT_BUNDLE_IDENTIFIER = kr.hs.dgsw.weatherApp;
				PRODUCT_NAME = "$(TARGET_NAME)";
				SWIFT_EMIT_LOC_STRINGS = YES;
				SWIFT_VERSION = 5.0;
				TARGETED_DEVICE_FAMILY = "1,2";
			};
			name = Release;
		};
/* End XCBuildConfiguration section */

/* Begin XCConfigurationList section */
		FB8D949B2988FCD00045E298 /* Build configuration list for PBXProject "weatherApp" */ = {
			isa = XCConfigurationList;
			buildConfigurations = (
				FB8D94B22988FCD10045E298 /* Debug */,
				FB8D94B32988FCD10045E298 /* Release */,
			);
			defaultConfigurationIsVisible = 0;
			defaultConfigurationName = Release;
		};
		FB8D94B42988FCD10045E298 /* Build configuration list for PBXNativeTarget "weatherApp" */ = {
			isa = XCConfigurationList;
			buildConfigurations = (
				FB8D94B52988FCD10045E298 /* Debug */,
				FB8D94B62988FCD10045E298 /* Release */,
			);
			defaultConfigurationIsVisible = 0;
			defaultConfigurationName = Release;
		};
/* End XCConfigurationList section */

/* Begin XCRemoteSwiftPackageReference section */
		FB3476C3298901A900D46724 /* XCRemoteSwiftPackageReference "Alamofire" */ = {
			isa = XCRemoteSwiftPackageReference;
			repositoryURL = "https://github.com/Alamofire/Alamofire.git";
			requirement = {
				branch = master;
				kind = branch;
			};
		};
/* End XCRemoteSwiftPackageReference section */

/* Begin XCSwiftPackageProductDependency section */
		FB3476C4298901A900D46724 /* Alamofire */ = {
			isa = XCSwiftPackageProductDependency;
			package = FB3476C3298901A900D46724 /* XCRemoteSwiftPackageReference "Alamofire" */;
			productName = Alamofire;
		};
/* End XCSwiftPackageProductDependency section */
	};
	rootObject = FB8D94982988FCD00045E298 /* Project object */;
}
